// !$*UTF8*$!
{
	archiveVersion = 1;
	classes = {
	};
	objectVersion = 50;
	objects = {

/* Begin PBXBuildFile section */
		D3D08D49257EDD7B00747790 /* AppDelegate.swift in Sources */ = {isa = PBXBuildFile; fileRef = D3D08D48257EDD7B00747790 /* AppDelegate.swift */; };
		D3D08D4B257EDD7B00747790 /* SceneDelegate.swift in Sources */ = {isa = PBXBuildFile; fileRef = D3D08D4A257EDD7B00747790 /* SceneDelegate.swift */; };
		D3D08D4D257EDD7B00747790 /* ViewController.swift in Sources */ = {isa = PBXBuildFile; fileRef = D3D08D4C257EDD7B00747790 /* ViewController.swift */; };
		D3D08D50257EDD7B00747790 /* Main.storyboard in Resources */ = {isa = PBXBuildFile; fileRef = D3D08D4E257EDD7B00747790 /* Main.storyboard */; };
		D3D08D52257EDD7C00747790 /* Assets.xcassets in Resources */ = {isa = PBXBuildFile; fileRef = D3D08D51257EDD7C00747790 /* Assets.xcassets */; };
		D3D08D55257EDD7C00747790 /* LaunchScreen.storyboard in Resources */ = {isa = PBXBuildFile; fileRef = D3D08D53257EDD7C00747790 /* LaunchScreen.storyboard */; };
		D3D08D60257EDD7C00747790 /* ZeColorGameTests.swift in Sources */ = {isa = PBXBuildFile; fileRef = D3D08D5F257EDD7C00747790 /* ZeColorGameTests.swift */; };
		D3D08D6B257EDD7C00747790 /* ZeColorGameUITests.swift in Sources */ = {isa = PBXBuildFile; fileRef = D3D08D6A257EDD7C00747790 /* ZeColorGameUITests.swift */; };
		D3D08D7C257EDE8E00747790 /* HomeViewController.swift in Sources */ = {isa = PBXBuildFile; fileRef = D3D08D7B257EDE8E00747790 /* HomeViewController.swift */; };
		D3D08D81257EDEAB00747790 /* PlayViewController.swift in Sources */ = {isa = PBXBuildFile; fileRef = D3D08D80257EDEAB00747790 /* PlayViewController.swift */; };
/* End PBXBuildFile section */

/* Begin PBXContainerItemProxy section */
		D3D08D5C257EDD7C00747790 /* PBXContainerItemProxy */ = {
			isa = PBXContainerItemProxy;
			containerPortal = D3D08D3D257EDD7B00747790 /* Project object */;
			proxyType = 1;
			remoteGlobalIDString = D3D08D44257EDD7B00747790;
			remoteInfo = ZeColorGame;
		};
		D3D08D67257EDD7C00747790 /* PBXContainerItemProxy */ = {
			isa = PBXContainerItemProxy;
			containerPortal = D3D08D3D257EDD7B00747790 /* Project object */;
			proxyType = 1;
			remoteGlobalIDString = D3D08D44257EDD7B00747790;
			remoteInfo = ZeColorGame;
		};
/* End PBXContainerItemProxy section */

/* Begin PBXFileReference section */
		D3D08D45257EDD7B00747790 /* ZeColorGame.app */ = {isa = PBXFileReference; explicitFileType = wrapper.application; includeInIndex = 0; path = ZeColorGame.app; sourceTree = BUILT_PRODUCTS_DIR; };
		D3D08D48257EDD7B00747790 /* AppDelegate.swift */ = {isa = PBXFileReference; lastKnownFileType = sourcecode.swift; path = AppDelegate.swift; sourceTree = "<group>"; };
		D3D08D4A257EDD7B00747790 /* SceneDelegate.swift */ = {isa = PBXFileReference; lastKnownFileType = sourcecode.swift; path = SceneDelegate.swift; sourceTree = "<group>"; };
		D3D08D4C257EDD7B00747790 /* ViewController.swift */ = {isa = PBXFileReference; lastKnownFileType = sourcecode.swift; path = ViewController.swift; sourceTree = "<group>"; };
		D3D08D4F257EDD7B00747790 /* Base */ = {isa = PBXFileReference; lastKnownFileType = file.storyboard; name = Base; path = Base.lproj/Main.storyboard; sourceTree = "<group>"; };
		D3D08D51257EDD7C00747790 /* Assets.xcassets */ = {isa = PBXFileReference; lastKnownFileType = folder.assetcatalog; path = Assets.xcassets; sourceTree = "<group>"; };
		D3D08D54257EDD7C00747790 /* Base */ = {isa = PBXFileReference; lastKnownFileType = file.storyboard; name = Base; path = Base.lproj/LaunchScreen.storyboard; sourceTree = "<group>"; };
		D3D08D56257EDD7C00747790 /* Info.plist */ = {isa = PBXFileReference; lastKnownFileType = text.plist.xml; path = Info.plist; sourceTree = "<group>"; };
		D3D08D5B257EDD7C00747790 /* ZeColorGameTests.xctest */ = {isa = PBXFileReference; explicitFileType = wrapper.cfbundle; includeInIndex = 0; path = ZeColorGameTests.xctest; sourceTree = BUILT_PRODUCTS_DIR; };
		D3D08D5F257EDD7C00747790 /* ZeColorGameTests.swift */ = {isa = PBXFileReference; lastKnownFileType = sourcecode.swift; path = ZeColorGameTests.swift; sourceTree = "<group>"; };
		D3D08D61257EDD7C00747790 /* Info.plist */ = {isa = PBXFileReference; lastKnownFileType = text.plist.xml; path = Info.plist; sourceTree = "<group>"; };
		D3D08D66257EDD7C00747790 /* ZeColorGameUITests.xctest */ = {isa = PBXFileReference; explicitFileType = wrapper.cfbundle; includeInIndex = 0; path = ZeColorGameUITests.xctest; sourceTree = BUILT_PRODUCTS_DIR; };
		D3D08D6A257EDD7C00747790 /* ZeColorGameUITests.swift */ = {isa = PBXFileReference; lastKnownFileType = sourcecode.swift; path = ZeColorGameUITests.swift; sourceTree = "<group>"; };
		D3D08D6C257EDD7C00747790 /* Info.plist */ = {isa = PBXFileReference; lastKnownFileType = text.plist.xml; path = Info.plist; sourceTree = "<group>"; };
		D3D08D7B257EDE8E00747790 /* HomeViewController.swift */ = {isa = PBXFileReference; lastKnownFileType = sourcecode.swift; path = HomeViewController.swift; sourceTree = "<group>"; };
		D3D08D80257EDEAB00747790 /* PlayViewController.swift */ = {isa = PBXFileReference; lastKnownFileType = sourcecode.swift; path = PlayViewController.swift; sourceTree = "<group>"; };
/* End PBXFileReference section */

/* Begin PBXFrameworksBuildPhase section */
		D3D08D42257EDD7B00747790 /* Frameworks */ = {
			isa = PBXFrameworksBuildPhase;
			buildActionMask = 2147483647;
			files = (
			);
			runOnlyForDeploymentPostprocessing = 0;
		};
		D3D08D58257EDD7C00747790 /* Frameworks */ = {
			isa = PBXFrameworksBuildPhase;
			buildActionMask = 2147483647;
			files = (
			);
			runOnlyForDeploymentPostprocessing = 0;
		};
		D3D08D63257EDD7C00747790 /* Frameworks */ = {
			isa = PBXFrameworksBuildPhase;
			buildActionMask = 2147483647;
			files = (
			);
			runOnlyForDeploymentPostprocessing = 0;
		};
/* End PBXFrameworksBuildPhase section */

/* Begin PBXGroup section */
		D3D08D3C257EDD7B00747790 = {
			isa = PBXGroup;
			children = (
				D3D08D47257EDD7B00747790 /* ZeColorGame */,
				D3D08D5E257EDD7C00747790 /* ZeColorGameTests */,
				D3D08D69257EDD7C00747790 /* ZeColorGameUITests */,
				D3D08D46257EDD7B00747790 /* Products */,
			);
			sourceTree = "<group>";
		};
		D3D08D46257EDD7B00747790 /* Products */ = {
			isa = PBXGroup;
			children = (
				D3D08D45257EDD7B00747790 /* ZeColorGame.app */,
				D3D08D5B257EDD7C00747790 /* ZeColorGameTests.xctest */,
				D3D08D66257EDD7C00747790 /* ZeColorGameUITests.xctest */,
			);
			name = Products;
			sourceTree = "<group>";
		};
		D3D08D47257EDD7B00747790 /* ZeColorGame */ = {
			isa = PBXGroup;
			children = (
				D3D08D48257EDD7B00747790 /* AppDelegate.swift */,
				D3D08D4A257EDD7B00747790 /* SceneDelegate.swift */,
				D3D08D4C257EDD7B00747790 /* ViewController.swift */,
				D3D08D4E257EDD7B00747790 /* Main.storyboard */,
				D3D08D80257EDEAB00747790 /* PlayViewController.swift */,
				D3D08D7B257EDE8E00747790 /* HomeViewController.swift */,
				D3D08D51257EDD7C00747790 /* Assets.xcassets */,
				D3D08D53257EDD7C00747790 /* LaunchScreen.storyboard */,
				D3D08D56257EDD7C00747790 /* Info.plist */,
			);
			path = ZeColorGame;
			sourceTree = "<group>";
		};
		D3D08D5E257EDD7C00747790 /* ZeColorGameTests */ = {
			isa = PBXGroup;
			children = (
				D3D08D5F257EDD7C00747790 /* ZeColorGameTests.swift */,
				D3D08D61257EDD7C00747790 /* Info.plist */,
			);
			path = ZeColorGameTests;
			sourceTree = "<group>";
		};
		D3D08D69257EDD7C00747790 /* ZeColorGameUITests */ = {
			isa = PBXGroup;
			children = (
				D3D08D6A257EDD7C00747790 /* ZeColorGameUITests.swift */,
				D3D08D6C257EDD7C00747790 /* Info.plist */,
			);
			path = ZeColorGameUITests;
			sourceTree = "<group>";
		};
/* End PBXGroup section */

/* Begin PBXNativeTarget section */
		D3D08D44257EDD7B00747790 /* ZeColorGame */ = {
			isa = PBXNativeTarget;
			buildConfigurationList = D3D08D6F257EDD7C00747790 /* Build configuration list for PBXNativeTarget "ZeColorGame" */;
			buildPhases = (
				D3D08D41257EDD7B00747790 /* Sources */,
				D3D08D42257EDD7B00747790 /* Frameworks */,
				D3D08D43257EDD7B00747790 /* Resources */,
			);
			buildRules = (
			);
			dependencies = (
			);
			name = ZeColorGame;
			productName = ZeColorGame;
			productReference = D3D08D45257EDD7B00747790 /* ZeColorGame.app */;
			productType = "com.apple.product-type.application";
		};
		D3D08D5A257EDD7C00747790 /* ZeColorGameTests */ = {
			isa = PBXNativeTarget;
			buildConfigurationList = D3D08D72257EDD7C00747790 /* Build configuration list for PBXNativeTarget "ZeColorGameTests" */;
			buildPhases = (
				D3D08D57257EDD7C00747790 /* Sources */,
				D3D08D58257EDD7C00747790 /* Frameworks */,
				D3D08D59257EDD7C00747790 /* Resources */,
			);
			buildRules = (
			);
			dependencies = (
				D3D08D5D257EDD7C00747790 /* PBXTargetDependency */,
			);
			name = ZeColorGameTests;
			productName = ZeColorGameTests;
			productReference = D3D08D5B257EDD7C00747790 /* ZeColorGameTests.xctest */;
			productType = "com.apple.product-type.bundle.unit-test";
		};
		D3D08D65257EDD7C00747790 /* ZeColorGameUITests */ = {
			isa = PBXNativeTarget;
			buildConfigurationList = D3D08D75257EDD7C00747790 /* Build configuration list for PBXNativeTarget "ZeColorGameUITests" */;
			buildPhases = (
				D3D08D62257EDD7C00747790 /* Sources */,
				D3D08D63257EDD7C00747790 /* Frameworks */,
				D3D08D64257EDD7C00747790 /* Resources */,
			);
			buildRules = (
			);
			dependencies = (
				D3D08D68257EDD7C00747790 /* PBXTargetDependency */,
			);
			name = ZeColorGameUITests;
			productName = ZeColorGameUITests;
			productReference = D3D08D66257EDD7C00747790 /* ZeColorGameUITests.xctest */;
			productType = "com.apple.product-type.bundle.ui-testing";
		};
/* End PBXNativeTarget section */

/* Begin PBXProject section */
		D3D08D3D257EDD7B00747790 /* Project object */ = {
			isa = PBXProject;
			attributes = {
				LastSwiftUpdateCheck = 1210;
				LastUpgradeCheck = 1210;
				TargetAttributes = {
					D3D08D44257EDD7B00747790 = {
						CreatedOnToolsVersion = 12.1;
					};
					D3D08D5A257EDD7C00747790 = {
						CreatedOnToolsVersion = 12.1;
						TestTargetID = D3D08D44257EDD7B00747790;
					};
					D3D08D65257EDD7C00747790 = {
						CreatedOnToolsVersion = 12.1;
						TestTargetID = D3D08D44257EDD7B00747790;
					};
				};
			};
			buildConfigurationList = D3D08D40257EDD7B00747790 /* Build configuration list for PBXProject "ZeColorGame" */;
			compatibilityVersion = "Xcode 9.3";
			developmentRegion = en;
			hasScannedForEncodings = 0;
			knownRegions = (
				en,
				Base,
			);
			mainGroup = D3D08D3C257EDD7B00747790;
			productRefGroup = D3D08D46257EDD7B00747790 /* Products */;
			projectDirPath = "";
			projectRoot = "";
			targets = (
				D3D08D44257EDD7B00747790 /* ZeColorGame */,
				D3D08D5A257EDD7C00747790 /* ZeColorGameTests */,
				D3D08D65257EDD7C00747790 /* ZeColorGameUITests */,
			);
		};
/* End PBXProject section */

/* Begin PBXResourcesBuildPhase section */
		D3D08D43257EDD7B00747790 /* Resources */ = {
			isa = PBXResourcesBuildPhase;
			buildActionMask = 2147483647;
			files = (
				D3D08D55257EDD7C00747790 /* LaunchScreen.storyboard in Resources */,
				D3D08D52257EDD7C00747790 /* Assets.xcassets in Resources */,
				D3D08D50257EDD7B00747790 /* Main.storyboard in Resources */,
			);
			runOnlyForDeploymentPostprocessing = 0;
		};
		D3D08D59257EDD7C00747790 /* Resources */ = {
			isa = PBXResourcesBuildPhase;
			buildActionMask = 2147483647;
			files = (
			);
			runOnlyForDeploymentPostprocessing = 0;
		};
		D3D08D64257EDD7C00747790 /* Resources */ = {
			isa = PBXResourcesBuildPhase;
			buildActionMask = 2147483647;
			files = (
			);
			runOnlyForDeploymentPostprocessing = 0;
		};
/* End PBXResourcesBuildPhase section */

/* Begin PBXSourcesBuildPhase section */
		D3D08D41257EDD7B00747790 /* Sources */ = {
			isa = PBXSourcesBuildPhase;
			buildActionMask = 2147483647;
			files = (
				D3D08D4D257EDD7B00747790 /* ViewController.swift in Sources */,
				D3D08D81257EDEAB00747790 /* PlayViewController.swift in Sources */,
				D3D08D49257EDD7B00747790 /* AppDelegate.swift in Sources */,
				D3D08D4B257EDD7B00747790 /* SceneDelegate.swift in Sources */,
				D3D08D7C257EDE8E00747790 /* HomeViewController.swift in Sources */,
			);
			runOnlyForDeploymentPostprocessing = 0;
		};
		D3D08D57257EDD7C00747790 /* Sources */ = {
			isa = PBXSourcesBuildPhase;
			buildActionMask = 2147483647;
			files = (
				D3D08D60257EDD7C00747790 /* ZeColorGameTests.swift in Sources */,
			);
			runOnlyForDeploymentPostprocessing = 0;
		};
		D3D08D62257EDD7C00747790 /* Sources */ = {
			isa = PBXSourcesBuildPhase;
			buildActionMask = 2147483647;
			files = (
				D3D08D6B257EDD7C00747790 /* ZeColorGameUITests.swift in Sources */,
			);
			runOnlyForDeploymentPostprocessing = 0;
		};
/* End PBXSourcesBuildPhase section */

/* Begin PBXTargetDependency section */
		D3D08D5D257EDD7C00747790 /* PBXTargetDependency */ = {
			isa = PBXTargetDependency;
			target = D3D08D44257EDD7B00747790 /* ZeColorGame */;
			targetProxy = D3D08D5C257EDD7C00747790 /* PBXContainerItemProxy */;
		};
		D3D08D68257EDD7C00747790 /* PBXTargetDependency */ = {
			isa = PBXTargetDependency;
			target = D3D08D44257EDD7B00747790 /* ZeColorGame */;
			targetProxy = D3D08D67257EDD7C00747790 /* PBXContainerItemProxy */;
		};
/* End PBXTargetDependency section */

/* Begin PBXVariantGroup section */
		D3D08D4E257EDD7B00747790 /* Main.storyboard */ = {
			isa = PBXVariantGroup;
			children = (
				D3D08D4F257EDD7B00747790 /* Base */,
			);
			name = Main.storyboard;
			sourceTree = "<group>";
		};
		D3D08D53257EDD7C00747790 /* LaunchScreen.storyboard */ = {
			isa = PBXVariantGroup;
			children = (
				D3D08D54257EDD7C00747790 /* Base */,
			);
			name = LaunchScreen.storyboard;
			sourceTree = "<group>";
		};
/* End PBXVariantGroup section */

/* Begin XCBuildConfiguration section */
		D3D08D6D257EDD7C00747790 /* Debug */ = {
			isa = XCBuildConfiguration;
			buildSettings = {
				ALWAYS_SEARCH_USER_PATHS = NO;
				CLANG_ANALYZER_NONNULL = YES;
				CLANG_ANALYZER_NUMBER_OBJECT_CONVERSION = YES_AGGRESSIVE;
				CLANG_CXX_LANGUAGE_STANDARD = "gnu++14";
				CLANG_CXX_LIBRARY = "libc++";
				CLANG_ENABLE_MODULES = YES;
				CLANG_ENABLE_OBJC_ARC = YES;
				CLANG_ENABLE_OBJC_WEAK = YES;
				CLANG_WARN_BLOCK_CAPTURE_AUTORELEASING = YES;
				CLANG_WARN_BOOL_CONVERSION = YES;
				CLANG_WARN_COMMA = YES;
				CLANG_WARN_CONSTANT_CONVERSION = YES;
				CLANG_WARN_DEPRECATED_OBJC_IMPLEMENTATIONS = YES;
				CLANG_WARN_DIRECT_OBJC_ISA_USAGE = YES_ERROR;
				CLANG_WARN_DOCUMENTATION_COMMENTS = YES;
				CLANG_WARN_EMPTY_BODY = YES;
				CLANG_WARN_ENUM_CONVERSION = YES;
				CLANG_WARN_INFINITE_RECURSION = YES;
				CLANG_WARN_INT_CONVERSION = YES;
				CLANG_WARN_NON_LITERAL_NULL_CONVERSION = YES;
				CLANG_WARN_OBJC_IMPLICIT_RETAIN_SELF = YES;
				CLANG_WARN_OBJC_LITERAL_CONVERSION = YES;
				CLANG_WARN_OBJC_ROOT_CLASS = YES_ERROR;
				CLANG_WARN_QUOTED_INCLUDE_IN_FRAMEWORK_HEADER = YES;
				CLANG_WARN_RANGE_LOOP_ANALYSIS = YES;
				CLANG_WARN_STRICT_PROTOTYPES = YES;
				CLANG_WARN_SUSPICIOUS_MOVE = YES;
				CLANG_WARN_UNGUARDED_AVAILABILITY = YES_AGGRESSIVE;
				CLANG_WARN_UNREACHABLE_CODE = YES;
				CLANG_WARN__DUPLICATE_METHOD_MATCH = YES;
				COPY_PHASE_STRIP = NO;
				DEBUG_INFORMATION_FORMAT = dwarf;
				ENABLE_STRICT_OBJC_MSGSEND = YES;
				ENABLE_TESTABILITY = YES;
				GCC_C_LANGUAGE_STANDARD = gnu11;
				GCC_DYNAMIC_NO_PIC = NO;
				GCC_NO_COMMON_BLOCKS = YES;
				GCC_OPTIMIZATION_LEVEL = 0;
				GCC_PREPROCESSOR_DEFINITIONS = (
					"DEBUG=1",
					"$(inherited)",
				);
				GCC_WARN_64_TO_32_BIT_CONVERSION = YES;
				GCC_WARN_ABOUT_RETURN_TYPE = YES_ERROR;
				GCC_WARN_UNDECLARED_SELECTOR = YES;
				GCC_WARN_UNINITIALIZED_AUTOS = YES_AGGRESSIVE;
				GCC_WARN_UNUSED_FUNCTION = YES;
				GCC_WARN_UNUSED_VARIABLE = YES;
				IPHONEOS_DEPLOYMENT_TARGET = 14.1;
				MTL_ENABLE_DEBUG_INFO = INCLUDE_SOURCE;
				MTL_FAST_MATH = YES;
				ONLY_ACTIVE_ARCH = YES;
				SDKROOT = iphoneos;
				SWIFT_ACTIVE_COMPILATION_CONDITIONS = DEBUG;
				SWIFT_OPTIMIZATION_LEVEL = "-Onone";
			};
			name = Debug;
		};
		D3D08D6E257EDD7C00747790 /* Release */ = {
			isa = XCBuildConfiguration;
			buildSettings = {
				ALWAYS_SEARCH_USER_PATHS = NO;
				CLANG_ANALYZER_NONNULL = YES;
				CLANG_ANALYZER_NUMBER_OBJECT_CONVERSION = YES_AGGRESSIVE;
				CLANG_CXX_LANGUAGE_STANDARD = "gnu++14";
				CLANG_CXX_LIBRARY = "libc++";
				CLANG_ENABLE_MODULES = YES;
				CLANG_ENABLE_OBJC_ARC = YES;
				CLANG_ENABLE_OBJC_WEAK = YES;
				CLANG_WARN_BLOCK_CAPTURE_AUTORELEASING = YES;
				CLANG_WARN_BOOL_CONVERSION = YES;
				CLANG_WARN_COMMA = YES;
				CLANG_WARN_CONSTANT_CONVERSION = YES;
				CLANG_WARN_DEPRECATED_OBJC_IMPLEMENTATIONS = YES;
				CLANG_WARN_DIRECT_OBJC_ISA_USAGE = YES_ERROR;
				CLANG_WARN_DOCUMENTATION_COMMENTS = YES;
				CLANG_WARN_EMPTY_BODY = YES;
				CLANG_WARN_ENUM_CONVERSION = YES;
				CLANG_WARN_INFINITE_RECURSION = YES;
				CLANG_WARN_INT_CONVERSION = YES;
				CLANG_WARN_NON_LITERAL_NULL_CONVERSION = YES;
				CLANG_WARN_OBJC_IMPLICIT_RETAIN_SELF = YES;
				CLANG_WARN_OBJC_LITERAL_CONVERSION = YES;
				CLANG_WARN_OBJC_ROOT_CLASS = YES_ERROR;
				CLANG_WARN_QUOTED_INCLUDE_IN_FRAMEWORK_HEADER = YES;
				CLANG_WARN_RANGE_LOOP_ANALYSIS = YES;
				CLANG_WARN_STRICT_PROTOTYPES = YES;
				CLANG_WARN_SUSPICIOUS_MOVE = YES;
				CLANG_WARN_UNGUARDED_AVAILABILITY = YES_AGGRESSIVE;
				CLANG_WARN_UNREACHABLE_CODE = YES;
				CLANG_WARN__DUPLICATE_METHOD_MATCH = YES;
				COPY_PHASE_STRIP = NO;
				DEBUG_INFORMATION_FORMAT = "dwarf-with-dsym";
				ENABLE_NS_ASSERTIONS = NO;
				ENABLE_STRICT_OBJC_MSGSEND = YES;
				GCC_C_LANGUAGE_STANDARD = gnu11;
				GCC_NO_COMMON_BLOCKS = YES;
				GCC_WARN_64_TO_32_BIT_CONVERSION = YES;
				GCC_WARN_ABOUT_RETURN_TYPE = YES_ERROR;
				GCC_WARN_UNDECLARED_SELECTOR = YES;
				GCC_WARN_UNINITIALIZED_AUTOS = YES_AGGRESSIVE;
				GCC_WARN_UNUSED_FUNCTION = YES;
				GCC_WARN_UNUSED_VARIABLE = YES;
				IPHONEOS_DEPLOYMENT_TARGET = 14.1;
				MTL_ENABLE_DEBUG_INFO = NO;
				MTL_FAST_MATH = YES;
				SDKROOT = iphoneos;
				SWIFT_COMPILATION_MODE = wholemodule;
				SWIFT_OPTIMIZATION_LEVEL = "-O";
				VALIDATE_PRODUCT = YES;
			};
			name = Release;
		};
		D3D08D70257EDD7C00747790 /* Debug */ = {
			isa = XCBuildConfiguration;
			buildSettings = {
				ASSETCATALOG_COMPILER_APPICON_NAME = AppIcon;
				ASSETCATALOG_COMPILER_GLOBAL_ACCENT_COLOR_NAME = AccentColor;
				CODE_SIGN_STYLE = Automatic;
				INFOPLIST_FILE = ZeColorGame/Info.plist;
				LD_RUNPATH_SEARCH_PATHS = (
					"$(inherited)",
					"@executable_path/Frameworks",
				);
				PRODUCT_BUNDLE_IDENTIFIER = Mark.ZeColorGame;
				PRODUCT_NAME = "$(TARGET_NAME)";
				SWIFT_VERSION = 5.0;
				TARGETED_DEVICE_FAMILY = "1,2";
			};
			name = Debug;
		};
		D3D08D71257EDD7C00747790 /* Release */ = {
			isa = XCBuildConfiguration;
			buildSettings = {
				ASSETCATALOG_COMPILER_APPICON_NAME = AppIcon;
				ASSETCATALOG_COMPILER_GLOBAL_ACCENT_COLOR_NAME = AccentColor;
				CODE_SIGN_STYLE = Automatic;
				INFOPLIST_FILE = ZeColorGame/Info.plist;
				LD_RUNPATH_SEARCH_PATHS = (
					"$(inherited)",
					"@executable_path/Frameworks",
				);
				PRODUCT_BUNDLE_IDENTIFIER = Mark.ZeColorGame;
				PRODUCT_NAME = "$(TARGET_NAME)";
				SWIFT_VERSION = 5.0;
				TARGETED_DEVICE_FAMILY = "1,2";
			};
			name = Release;
		};
		D3D08D73257EDD7C00747790 /* Debug */ = {
			isa = XCBuildConfiguration;
			buildSettings = {
				ALWAYS_EMBED_SWIFT_STANDARD_LIBRARIES = YES;
				BUNDLE_LOADER = "$(TEST_HOST)";
				CODE_SIGN_STYLE = Automatic;
				INFOPLIST_FILE = ZeColorGameTests/Info.plist;
				IPHONEOS_DEPLOYMENT_TARGET = 14.1;
				LD_RUNPATH_SEARCH_PATHS = (
					"$(inherited)",
					"@executable_path/Frameworks",
					"@loader_path/Frameworks",
				);
				PRODUCT_BUNDLE_IDENTIFIER = Mark.ZeColorGameTests;
				PRODUCT_NAME = "$(TARGET_NAME)";
				SWIFT_VERSION = 5.0;
				TARGETED_DEVICE_FAMILY = "1,2";
				TEST_HOST = "$(BUILT_PRODUCTS_DIR)/ZeColorGame.app/ZeColorGame";
			};
			name = Debug;
		};
		D3D08D74257EDD7C00747790 /* Release */ = {
			isa = XCBuildConfiguration;
			buildSettings = {
				ALWAYS_EMBED_SWIFT_STANDARD_LIBRARIES = YES;
				BUNDLE_LOADER = "$(TEST_HOST)";
				CODE_SIGN_STYLE = Automatic;
				INFOPLIST_FILE = ZeColorGameTests/Info.plist;
				IPHONEOS_DEPLOYMENT_TARGET = 14.1;
				LD_RUNPATH_SEARCH_PATHS = (
					"$(inherited)",
					"@executable_path/Frameworks",
					"@loader_path/Frameworks",
				);
				PRODUCT_BUNDLE_IDENTIFIER = Mark.ZeColorGameTests;
				PRODUCT_NAME = "$(TARGET_NAME)";
				SWIFT_VERSION = 5.0;
				TARGETED_DEVICE_FAMILY = "1,2";
				TEST_HOST = "$(BUILT_PRODUCTS_DIR)/ZeColorGame.app/ZeColorGame";
			};
			name = Release;
		};
		D3D08D76257EDD7C00747790 /* Debug */ = {
			isa = XCBuildConfiguration;
			buildSettings = {
				ALWAYS_EMBED_SWIFT_STANDARD_LIBRARIES = YES;
				CODE_SIGN_STYLE = Automatic;
				INFOPLIST_FILE = ZeColorGameUITests/Info.plist;
				LD_RUNPATH_SEARCH_PATHS = (
					"$(inherited)",
					"@executable_path/Frameworks",
					"@loader_path/Frameworks",
				);
				PRODUCT_BUNDLE_IDENTIFIER = Mark.ZeColorGameUITests;
				PRODUCT_NAME = "$(TARGET_NAME)";
				SWIFT_VERSION = 5.0;
				TARGETED_DEVICE_FAMILY = "1,2";
				TEST_TARGET_NAME = ZeColorGame;
			};
			name = Debug;
		};
		D3D08D77257EDD7C00747790 /* Release */ = {
			isa = XCBuildConfiguration;
			buildSettings = {
				ALWAYS_EMBED_SWIFT_STANDARD_LIBRARIES = YES;
				CODE_SIGN_STYLE = Automatic;
				INFOPLIST_FILE = ZeColorGameUITests/Info.plist;
				LD_RUNPATH_SEARCH_PATHS = (
					"$(inherited)",
					"@executable_path/Frameworks",
					"@loader_path/Frameworks",
				);
				PRODUCT_BUNDLE_IDENTIFIER = Mark.ZeColorGameUITests;
				PRODUCT_NAME = "$(TARGET_NAME)";
				SWIFT_VERSION = 5.0;
				TARGETED_DEVICE_FAMILY = "1,2";
				TEST_TARGET_NAME = ZeColorGame;
			};
			name = Release;
		};
/* End XCBuildConfiguration section */

/* Begin XCConfigurationList section */
		D3D08D40257EDD7B00747790 /* Build configuration list for PBXProject "ZeColorGame" */ = {
			isa = XCConfigurationList;
			buildConfigurations = (
				D3D08D6D257EDD7C00747790 /* Debug */,
				D3D08D6E257EDD7C00747790 /* Release */,
			);
			defaultConfigurationIsVisible = 0;
			defaultConfigurationName = Release;
		};
		D3D08D6F257EDD7C00747790 /* Build configuration list for PBXNativeTarget "ZeColorGame" */ = {
			isa = XCConfigurationList;
			buildConfigurations = (
				D3D08D70257EDD7C00747790 /* Debug */,
				D3D08D71257EDD7C00747790 /* Release */,
			);
			defaultConfigurationIsVisible = 0;
			defaultConfigurationName = Release;
		};
		D3D08D72257EDD7C00747790 /* Build configuration list for PBXNativeTarget "ZeColorGameTests" */ = {
			isa = XCConfigurationList;
			buildConfigurations = (
				D3D08D73257EDD7C00747790 /* Debug */,
				D3D08D74257EDD7C00747790 /* Release */,
			);
			defaultConfigurationIsVisible = 0;
			defaultConfigurationName = Release;
		};
		D3D08D75257EDD7C00747790 /* Build configuration list for PBXNativeTarget "ZeColorGameUITests" */ = {
			isa = XCConfigurationList;
			buildConfigurations = (
				D3D08D76257EDD7C00747790 /* Debug */,
				D3D08D77257EDD7C00747790 /* Release */,
			);
			defaultConfigurationIsVisible = 0;
			defaultConfigurationName = Release;
		};
/* End XCConfigurationList section */
	};
	rootObject = D3D08D3D257EDD7B00747790 /* Project object */;
}
